
Microsoft Visual Studio Solution File, Format Version 12.00
# Visual Studio Version 17
VisualStudioVersion = 17.0.31903.59
MinimumVisualStudioVersion = 10.0.40219.1
Project("{2150E333-8FDC-42A3-9474-1A3956D46DE8}") = "src", "src", "{E0C658C8-F6D9-4991-A98C-B6EF2400A08A}"
EndProject
Project("{FAE04EC0-301F-11D3-BF4B-00C04F79EFBC}") = "Invoice_Gen.WebApi", "src\Invoice_Gen.WebApi\Invoice_Gen.WebApi.csproj", "{F9489BCA-CA8F-4A00-9E5A-094204898D50}"
EndProject
Project("{2150E333-8FDC-42A3-9474-1A3956D46DE8}") = "tests", "tests", "{7799EA93-AD32-46A4-90EE-124E41833BC5}"
EndProject
Project("{FAE04EC0-301F-11D3-BF4B-00C04F79EFBC}") = "Invoice_Gen.WebApi.IntegrationTests", "tests\Invoice_Gen.WebApi.IntegrationTests\Invoice_Gen.WebApi.IntegrationTests.csproj", "{A1DCD4AB-820D-4FC4-9E2B-2589315DFF2F}"
EndProject
Project("{FAE04EC0-301F-11D3-BF4B-00C04F79EFBC}") = "Invoice_Gen.WebApi.UnitTests", "tests\Invoice_Gen.WebApi.UnitTests\Invoice_Gen.WebApi.UnitTests.csproj", "{EFCB7F89-A3B7-4C63-B3D2-B05CD802E4DC}"
EndProject
Project("{FAE04EC0-301F-11D3-BF4B-00C04F79EFBC}") = "Invoice_Gen.ViewModels", "src\Invoice_Gen.ViewModels\Invoice_Gen.ViewModels.csproj", "{79DFE23C-54FB-48FD-A927-44F45F7FD6BC}"
EndProject
Project("{2150E333-8FDC-42A3-9474-1A3956D46DE8}") = "devops", "devops", "{D9E4F713-0A06-4175-91DA-118F6753627B}"
	ProjectSection(SolutionItems) = preProject
		.github\workflows\main_2023-invoice-gen.yml = .github\workflows\main_2023-invoice-gen.yml
		.github\workflows\webapi-pr-action.yml = .github\workflows\webapi-pr-action.yml
	EndProjectSection
EndProject
Project("{FAE04EC0-301F-11D3-BF4B-00C04F79EFBC}") = "Invoice_Gen.Domain", "src\Invoice_Gen.Domain\Invoice_Gen.Domain.csproj", "{01D33B43-FC2C-4EC2-82DB-74E56E3B939E}"
EndProject
Project("{FAE04EC0-301F-11D3-BF4B-00C04F79EFBC}") = "Invoice_Gen.Mappers", "src\Invoice_Gen.Mappers\Invoice_Gen.Mappers.csproj", "{6DAB9F30-71E2-466D-9385-E17DD09B776E}"
EndProject
Global
	GlobalSection(SolutionConfigurationPlatforms) = preSolution
		Debug|Any CPU = Debug|Any CPU
		Release|Any CPU = Release|Any CPU
	EndGlobalSection
	GlobalSection(SolutionProperties) = preSolution
		HideSolutionNode = FALSE
	EndGlobalSection
	GlobalSection(ProjectConfigurationPlatforms) = postSolution
		{F9489BCA-CA8F-4A00-9E5A-094204898D50}.Debug|Any CPU.ActiveCfg = Debug|Any CPU
		{F9489BCA-CA8F-4A00-9E5A-094204898D50}.Debug|Any CPU.Build.0 = Debug|Any CPU
		{F9489BCA-CA8F-4A00-9E5A-094204898D50}.Release|Any CPU.ActiveCfg = Release|Any CPU
		{F9489BCA-CA8F-4A00-9E5A-094204898D50}.Release|Any CPU.Build.0 = Release|Any CPU
		{A1DCD4AB-820D-4FC4-9E2B-2589315DFF2F}.Debug|Any CPU.ActiveCfg = Debug|Any CPU
		{A1DCD4AB-820D-4FC4-9E2B-2589315DFF2F}.Debug|Any CPU.Build.0 = Debug|Any CPU
		{A1DCD4AB-820D-4FC4-9E2B-2589315DFF2F}.Release|Any CPU.ActiveCfg = Release|Any CPU
		{A1DCD4AB-820D-4FC4-9E2B-2589315DFF2F}.Release|Any CPU.Build.0 = Release|Any CPU
		{EFCB7F89-A3B7-4C63-B3D2-B05CD802E4DC}.Debug|Any CPU.ActiveCfg = Debug|Any CPU
		{EFCB7F89-A3B7-4C63-B3D2-B05CD802E4DC}.Debug|Any CPU.Build.0 = Debug|Any CPU
		{EFCB7F89-A3B7-4C63-B3D2-B05CD802E4DC}.Release|Any CPU.ActiveCfg = Release|Any CPU
		{EFCB7F89-A3B7-4C63-B3D2-B05CD802E4DC}.Release|Any CPU.Build.0 = Release|Any CPU
		{79DFE23C-54FB-48FD-A927-44F45F7FD6BC}.Debug|Any CPU.ActiveCfg = Debug|Any CPU
		{79DFE23C-54FB-48FD-A927-44F45F7FD6BC}.Debug|Any CPU.Build.0 = Debug|Any CPU
		{79DFE23C-54FB-48FD-A927-44F45F7FD6BC}.Release|Any CPU.ActiveCfg = Release|Any CPU
		{79DFE23C-54FB-48FD-A927-44F45F7FD6BC}.Release|Any CPU.Build.0 = Release|Any CPU
		{01D33B43-FC2C-4EC2-82DB-74E56E3B939E}.Debug|Any CPU.ActiveCfg = Debug|Any CPU
		{01D33B43-FC2C-4EC2-82DB-74E56E3B939E}.Debug|Any CPU.Build.0 = Debug|Any CPU
		{01D33B43-FC2C-4EC2-82DB-74E56E3B939E}.Release|Any CPU.ActiveCfg = Release|Any CPU
		{01D33B43-FC2C-4EC2-82DB-74E56E3B939E}.Release|Any CPU.Build.0 = Release|Any CPU
		{6DAB9F30-71E2-466D-9385-E17DD09B776E}.Debug|Any CPU.ActiveCfg = Debug|Any CPU
		{6DAB9F30-71E2-466D-9385-E17DD09B776E}.Debug|Any CPU.Build.0 = Debug|Any CPU
		{6DAB9F30-71E2-466D-9385-E17DD09B776E}.Release|Any CPU.ActiveCfg = Release|Any CPU
		{6DAB9F30-71E2-466D-9385-E17DD09B776E}.Release|Any CPU.Build.0 = Release|Any CPU
	EndGlobalSection
	GlobalSection(NestedProjects) = preSolution
		{F9489BCA-CA8F-4A00-9E5A-094204898D50} = {E0C658C8-F6D9-4991-A98C-B6EF2400A08A}
		{A1DCD4AB-820D-4FC4-9E2B-2589315DFF2F} = {7799EA93-AD32-46A4-90EE-124E41833BC5}
		{EFCB7F89-A3B7-4C63-B3D2-B05CD802E4DC} = {7799EA93-AD32-46A4-90EE-124E41833BC5}
		{79DFE23C-54FB-48FD-A927-44F45F7FD6BC} = {E0C658C8-F6D9-4991-A98C-B6EF2400A08A}
		{01D33B43-FC2C-4EC2-82DB-74E56E3B939E} = {E0C658C8-F6D9-4991-A98C-B6EF2400A08A}
		{6DAB9F30-71E2-466D-9385-E17DD09B776E} = {E0C658C8-F6D9-4991-A98C-B6EF2400A08A}
	EndGlobalSection
EndGlobal
